# This file was autogenerated by Stack.
# You should not edit this file by hand.
# For more information, please see the documentation at:
#   https://docs.haskellstack.org/en/stable/lock_files

packages:
- completed:
    hackage: clay-0.15.0@sha256:032813cd6c523b56a11a858b71a9d6cdd36a8d4b6c21863c5c22cf55ecefa799,2156
    pantry-tree:
      sha256: 64c307f455e82e03d254a9d4c9f3f953f77d623af3f30590bfb4be76ed083dc9
      size: 2258
  original:
    hackage: clay-0.15.0@sha256:032813cd6c523b56a11a858b71a9d6cdd36a8d4b6c21863c5c22cf55ecefa799,2156
- completed:
    hackage: scotty-cookie-0.1.0.3@sha256:3ff1df13a5acba8ba170a5ac22b3ac6a2c227791292536ce1ebfc41038f58fc9,1204
    pantry-tree:
      sha256: 8236b9d3e3c01b29c3d7bf7791af8c87e87ea9b2052e9d7bc32038f524242679
      size: 222
  original:
    hackage: scotty-cookie-0.1.0.3
snapshots:
- completed:
    sha256: a81fb3877c4f9031e1325eb3935122e608d80715dc16b586eb11ddbff8671ecd
    size: 640086
    url: https://raw.githubusercontent.com/commercialhaskell/stackage-snapshots/master/lts/21/25.yaml
  original: lts-21.25
